
Microsoft Visual Studio Solution File, Format Version 12.00
# Visual Studio 15
VisualStudioVersion = 15.0.28307.757
MinimumVisualStudioVersion = 10.0.40219.1
Project("{FAE04EC0-301F-11D3-BF4B-00C04F79EFBC}") = "hda", "hda\hda.csproj", "{27136993-4B3D-4BBD-9EA7-00C4F0D4131C}"
EndProject
Global
	GlobalSection(SolutionConfigurationPlatforms) = preSolution
		Debug|Any CPU = Debug|Any CPU
		Release|Any CPU = Release|Any CPU
	EndGlobalSection
	GlobalSection(ProjectConfigurationPlatforms) = postSolution
		{27136993-4B3D-4BBD-9EA7-00C4F0D4131C}.Debug|Any CPU.ActiveCfg = Debug|Any CPU
		{27136993-4B3D-4BBD-9EA7-00C4F0D4131C}.Debug|Any CPU.Build.0 = Debug|Any CPU
		{27136993-4B3D-4BBD-9EA7-00C4F0D4131C}.Release|Any CPU.ActiveCfg = Release|Any CPU
		{27136993-4B3D-4BBD-9EA7-00C4F0D4131C}.Release|Any CPU.Build.0 = Release|Any CPU
	EndGlobalSection
	GlobalSection(SolutionProperties) = preSolution
		HideSolutionNode = FALSE
	EndGlobalSection
	GlobalSection(ExtensibilityGlobals) = postSolution
		SolutionGuid = {4462CAA7-66AD-4F78-920C-366AD2FC4987}
	EndGlobalSection
EndGlobal
